{
  "version": "4",
  "specifiers": {
    "jsr:@std/assert@^1.0.8": "1.0.8",
    "jsr:@std/async@^1.0.8": "1.0.8",
    "jsr:@std/data-structures@^1.0.4": "1.0.4",
    "jsr:@std/expect@^1.0.5": "1.0.8",
    "jsr:@std/internal@^1.0.5": "1.0.5",
    "jsr:@std/testing@^1.0.3": "1.0.5",
    "npm:@preact/signals-react@^2.2.0": "2.2.0_react@18.3.1",
    "npm:@preact/signals@^1.3.0": "1.3.0_preact@10.24.2",
    "npm:preact@^10.24.1": "10.24.2"
  },
  "jsr": {
    "@std/assert@1.0.8": {
      "integrity": "ebe0bd7eb488ee39686f77003992f389a06c3da1bbd8022184804852b2fa641b",
      "dependencies": [
        "jsr:@std/internal"
      ]
    },
    "@std/async@1.0.8": {
      "integrity": "c057c5211a0f1d12e7dcd111ab430091301b8d64b4250052a79d277383bc3ba7"
    },
    "@std/data-structures@1.0.4": {
      "integrity": "fa0e20c11eb9ba673417450915c750a0001405a784e2a4e0c3725031681684a0"
    },
    "@std/expect@1.0.7": {
      "integrity": "3904afa77cfe5c45dd2cd2c476e6fc5b6f57103d712890f0783d74c19d4b05a9"
    },
    "@std/expect@1.0.8": {
      "integrity": "27e40d8f3aefb372fc6a703fb0b69e34560e72a2f78705178babdffa00119a5f",
      "dependencies": [
        "jsr:@std/assert",
        "jsr:@std/internal"
      ]
    },
    "@std/internal@1.0.5": {
      "integrity": "54a546004f769c1ac9e025abd15a76b6671ddc9687e2313b67376125650dc7ba"
    },
    "@std/testing@1.0.4": {
      "integrity": "ca1368d720b183f572d40c469bb9faf09643ddd77b54f8b44d36ae6b94940576"
    },
    "@std/testing@1.0.5": {
      "integrity": "6e693cbec94c81a1ad3df668685c7ba8e20742bb10305bc7137faa5cf16d2ec4",
      "dependencies": [
        "jsr:@std/assert",
        "jsr:@std/async",
        "jsr:@std/data-structures"
      ]
    }
  },
  "npm": {
    "@preact/signals-core@1.8.0": {
      "integrity": "sha512-OBvUsRZqNmjzCZXWLxkZfhcgT+Fk8DDcT/8vD6a1xhDemodyy87UJRJfASMuSD8FaAIeGgGm85ydXhm7lr4fyA=="
    },
    "@preact/signals-react@2.2.0_react@18.3.1": {
      "integrity": "sha512-EPYlhXqqcOUxz2gTQGt4rtK6X7Jr04517DcJVZ4I5a7Gxy39haK24uFeVWtiU/tnEReRFcxpQN6poYra1jf68A==",
      "dependencies": [
        "@preact/signals-core",
        "react",
        "use-sync-external-store"
      ]
    },
    "@preact/signals@1.3.0_preact@10.24.2": {
      "integrity": "sha512-EOMeg42SlLS72dhoq6Vjq08havnLseWmPQ8A0YsgIAqMgWgx7V1a39+Pxo6i7SY5NwJtH4849JogFq3M67AzWg==",
      "dependencies": [
        "@preact/signals-core",
        "preact"
      ]
    },
    "js-tokens@4.0.0": {
      "integrity": "sha512-RdJUflcE3cUzKiMqQgsCu06FPu9UdIJO0beYbPhHN4k6apgJtifcoCtT9bcxOpYBtpD2kCM6Sbzg4CausW/PKQ=="
    },
    "loose-envify@1.4.0": {
      "integrity": "sha512-lyuxPGr/Wfhrlem2CL/UcnUc1zcqKAImBDzukY7Y5F/yQiNdko6+fRLevlw1HgMySw7f611UIY408EtxRSoK3Q==",
      "dependencies": [
        "js-tokens"
      ]
    },
    "preact@10.24.2": {
      "integrity": "sha512-1cSoF0aCC8uaARATfrlz4VCBqE8LwZwRfLgkxJOQwAlQt6ayTmi0D9OF7nXid1POI5SZidFuG9CnlXbDfLqY/Q=="
    },
    "react@18.3.1": {
      "integrity": "sha512-wS+hAgJShR0KhEvPJArfuPVN1+Hz1t0Y6n5jLrGQbkb4urgPE/0Rve+1kMB1v/oWgHgm4WIcV+i7F2pTVj+2iQ==",
      "dependencies": [
        "loose-envify"
      ]
    },
    "use-sync-external-store@1.2.2_react@18.3.1": {
      "integrity": "sha512-PElTlVMwpblvbNqQ82d2n6RjStvdSoNe9FG28kNfz3WiXilJm4DdNkEzRhCZuIDwY8U08WVihhGR5iRqAwfDiw==",
      "dependencies": [
        "react"
      ]
    }
  },
  "workspace": {
    "dependencies": [
      "jsr:@std/assert@^1.0.6",
      "jsr:@std/expect@^1.0.5",
      "jsr:@std/testing@^1.0.3",
      "npm:jsdom@^25.0.1"
    ],
    "members": {
      "packages/pretch-preact": {
        "dependencies": [
          "npm:@preact/signals@^1.3.0",
          "npm:preact@^10.24.1"
        ]
      },
      "packages/pretch-react": {
        "dependencies": [
          "npm:@preact/signals-react@^2.2.0"
        ]
      }
    }
  }
}
